
Microsoft Visual Studio Solution File, Format Version 12.00
# Visual Studio 15
VisualStudioVersion = 15.0.28307.106
MinimumVisualStudioVersion = 10.0.40219.1
Project("{FAE04EC0-301F-11D3-BF4B-00C04F79EFBC}") = "BNKReadArchiveConverter", "BNKReadArchiveConverter\BNKReadArchiveConverter.csproj", "{EB007901-D512-4918-9BA3-0207C4A0E378}"
EndProject
Global
	GlobalSection(SolutionConfigurationPlatforms) = preSolution
		Debug|Any CPU = Debug|Any CPU
		Release|Any CPU = Release|Any CPU
	EndGlobalSection
	GlobalSection(ProjectConfigurationPlatforms) = postSolution
		{EB007901-D512-4918-9BA3-0207C4A0E378}.Debug|Any CPU.ActiveCfg = Debug|Any CPU
		{EB007901-D512-4918-9BA3-0207C4A0E378}.Debug|Any CPU.Build.0 = Debug|Any CPU
		{EB007901-D512-4918-9BA3-0207C4A0E378}.Release|Any CPU.ActiveCfg = Release|Any CPU
		{EB007901-D512-4918-9BA3-0207C4A0E378}.Release|Any CPU.Build.0 = Release|Any CPU
	EndGlobalSection
	GlobalSection(SolutionProperties) = preSolution
		HideSolutionNode = FALSE
	EndGlobalSection
	GlobalSection(ExtensibilityGlobals) = postSolution
		SolutionGuid = {311420BA-C4DA-4136-93D8-9718DAFC760D}
	EndGlobalSection
EndGlobal
